{
  "pins" : [
    {
      "identity" : "acknowkit",
      "kind" : "remoteSourceControl",
      "location" : "https://github.com/Kyle-Ye/AcknowKit.git",
      "state" : {
        "revision" : "c3a47ecb352b08009eb4756fe4a0ea95f3139019",
        "version" : "0.0.3"
      }
    },
    {
      "identity" : "discoursekit",
      "kind" : "remoteSourceControl",
      "location" : "https://github.com/Kyle-Ye/DiscourseKit",
      "state" : {
        "revision" : "1fb281d1cd14ffb638994e480369bae6707203f0",
        "version" : "0.2.0"
      }
    },
    {
      "identity" : "lookinserver",
      "kind" : "remoteSourceControl",
      "location" : "https://github.com/QMUI/LookinServer/",
      "state" : {
        "revision" : "dfff53bcdbd89740e68c90736be9079344491784",
        "version" : "1.1.7"
      }
    },
    {
      "identity" : "simpletoast",
      "kind" : "remoteSourceControl",
      "location" : "https://github.com/sanzaru/SimpleToast.git",
      "state" : {
        "revision" : "7ced9fe877fa1e9aaf9634a611818b84d3317e40",
        "version" : "0.7.2"
      }
    },
    {
      "identity" : "swift-argument-parser",
      "kind" : "remoteSourceControl",
      "location" : "https://github.com/apple/swift-argument-parser",
      "state" : {
        "revision" : "8f4d2753f0e4778c76d5f05ad16c74f707390531",
        "version" : "1.2.3"
      }
    },
    {
      "identity" : "swift-http",
      "kind" : "remoteSourceControl",
      "location" : "https://github.com/binarybirds/swift-http",
      "state" : {
        "revision" : "8b573967d26ef5401af2507aa5546da5f36235cc",
        "version" : "1.2.3"
      }
    },
    {
      "identity" : "swift-log",
      "kind" : "remoteSourceControl",
      "location" : "https://github.com/apple/swift-log",
      "state" : {
        "revision" : "532d8b529501fb73a2455b179e0bbb6d49b652ed",
        "version" : "1.5.3"
      }
    },
    {
      "identity" : "swiftui-flow",
      "kind" : "remoteSourceControl",
      "location" : "https://github.com/tevelee/SwiftUI-Flow.git",
      "state" : {
        "revision" : "d592b610a92869b74ede8ee4c0435a29219be9d8",
        "version" : "1.2.0"
      }
    }
  ],
  "version" : 2
}
