{
  "pins" : [
    {
      "identity" : "acknowkit",
      "kind" : "remoteSourceControl",
      "location" : "https://github.com/Kyle-Ye/AcknowKit.git",
      "state" : {
        "revision" : "f4b73e729fc51d53c2046ad89e3ac78560ea46f8",
        "version" : "0.0.4"
      }
    },
    {
      "identity" : "discoursekit",
      "kind" : "remoteSourceControl",
      "location" : "https://github.com/Kyle-Ye/DiscourseKit",
      "state" : {
        "revision" : "0b2304728e4348fa76cecb0dfc903b6297bc0ad4",
        "version" : "0.2.2"
      }
    },
    {
      "identity" : "lookinserver",
      "kind" : "remoteSourceControl",
      "location" : "https://github.com/QMUI/LookinServer/",
      "state" : {
        "revision" : "943be9791316830f8cc550f5d7995d26a05aae1d",
        "version" : "1.2.3"
      }
    },
    {
      "identity" : "loremswiftum",
      "kind" : "remoteSourceControl",
      "location" : "https://github.com/lukaskubanek/LoremSwiftum.git",
      "state" : {
        "branch" : "master",
        "revision" : "8942e732e50458cde5dccf9996afa16f29372853"
      }
    },
    {
      "identity" : "sdwebimage",
      "kind" : "remoteSourceControl",
      "location" : "https://github.com/SDWebImage/SDWebImage.git",
      "state" : {
        "revision" : "fd1950de05a5ad77cb252fd88576c1e1809ee50d",
        "version" : "5.18.4"
      }
    },
    {
      "identity" : "sdwebimagesvgcoder",
      "kind" : "remoteSourceControl",
      "location" : "https://github.com/SDWebImage/SDWebImageSVGCoder.git",
      "state" : {
        "revision" : "950167445ab703740569869c8b7510efc9d09a26",
        "version" : "1.7.0"
      }
    },
    {
      "identity" : "sdwebimageswiftui",
      "kind" : "remoteSourceControl",
      "location" : "https://github.com/SDWebImage/SDWebImageSwiftUI.git",
      "state" : {
        "revision" : "1a17ef9dc07f6b1146f32de5b9f881ea9c10bb54",
        "version" : "3.0.0-beta"
      }
    },
    {
      "identity" : "simpletoast",
      "kind" : "remoteSourceControl",
      "location" : "https://github.com/sanzaru/SimpleToast.git",
      "state" : {
        "revision" : "8dbc2e7c33cda25c0b2efafd59716cb9820c83eb",
        "version" : "0.8.1"
      }
    },
    {
      "identity" : "swift-argument-parser",
      "kind" : "remoteSourceControl",
      "location" : "https://github.com/apple/swift-argument-parser",
      "state" : {
        "revision" : "8f4d2753f0e4778c76d5f05ad16c74f707390531",
        "version" : "1.2.3"
      }
    },
    {
      "identity" : "swift-http",
      "kind" : "remoteSourceControl",
      "location" : "https://github.com/binarybirds/swift-http",
      "state" : {
        "revision" : "8b573967d26ef5401af2507aa5546da5f36235cc",
        "version" : "1.2.3"
      }
    },
    {
      "identity" : "swift-log",
      "kind" : "remoteSourceControl",
      "location" : "https://github.com/apple/swift-log",
      "state" : {
        "revision" : "532d8b529501fb73a2455b179e0bbb6d49b652ed",
        "version" : "1.5.3"
      }
    },
    {
      "identity" : "swiftui-flow",
      "kind" : "remoteSourceControl",
      "location" : "https://github.com/tevelee/SwiftUI-Flow.git",
      "state" : {
        "revision" : "d592b610a92869b74ede8ee4c0435a29219be9d8",
        "version" : "1.2.0"
      }
    }
  ],
  "version" : 2
}
